
Microsoft Visual Studio Solution File, Format Version 12.00
# Visual Studio Version 17
VisualStudioVersion = 17.6.33829.357
MinimumVisualStudioVersion = 10.0.40219.1
Project("{FAE04EC0-301F-11D3-BF4B-00C04F79EFBC}") = "MvcProje", "MvcProje.csproj", "{914DE3C6-A551-461C-811A-4DBFF96322EE}"
EndProject
Global
	GlobalSection(SolutionConfigurationPlatforms) = preSolution
		Debug|Any CPU = Debug|Any CPU
		Release|Any CPU = Release|Any CPU
	EndGlobalSection
	GlobalSection(ProjectConfigurationPlatforms) = postSolution
		{914DE3C6-A551-461C-811A-4DBFF96322EE}.Debug|Any CPU.ActiveCfg = Debug|Any CPU
		{914DE3C6-A551-461C-811A-4DBFF96322EE}.Debug|Any CPU.Build.0 = Debug|Any CPU
		{914DE3C6-A551-461C-811A-4DBFF96322EE}.Release|Any CPU.ActiveCfg = Release|Any CPU
		{914DE3C6-A551-461C-811A-4DBFF96322EE}.Release|Any CPU.Build.0 = Release|Any CPU
	EndGlobalSection
	GlobalSection(SolutionProperties) = preSolution
		HideSolutionNode = FALSE
	EndGlobalSection
	GlobalSection(ExtensibilityGlobals) = postSolution
		SolutionGuid = {46F2EB11-692F-4BC3-9A2E-6E5D043DE620}
	EndGlobalSection
EndGlobal
